{
  "name": "pinbowl",
  "version": "1.0.0",
  "lockfileVersion": 3,
  "requires": true,
  "packages": {
    "": {
      "name": "pinbowl",
      "version": "1.0.0",
      "license": "ISC",
      "devDependencies": {
        "taggedjs": "^0.0.12"
      }
    },
    "node_modules/taggedjs": {
      "version": "0.0.12",
      "resolved": "https://registry.npmjs.org/taggedjs/-/taggedjs-0.0.12.tgz",
      "integrity": "sha512-bbNbKVmT7X02yAEz2Lk6CEOSDGs7PrTn1m1RCGZuDafDK+YhcKTgCJWJLPeviLq80cUiiouQfbDAjS76aMUkLw==",
      "dev": true
    }
  }
}
